
Microsoft Visual Studio Solution File, Format Version 12.00
# Visual Studio Version 17
VisualStudioVersion = 17.0.31912.275
MinimumVisualStudioVersion = 10.0.40219.1
Project("{9A19103F-16F7-4668-BE54-9A1E7A4F7556}") = "GestaoProdutosAPI", "GestaoProdutosAPI\GestaoProdutosAPI.csproj", "{AA3AC967-2E01-48FC-8874-68A6B5F96F20}"
EndProject
Project("{2150E333-8FDC-42A3-9474-1A3956D46DE8}") = "0 - Presentation", "0 - Presentation", "{6C0DE447-4674-4F46-AEDE-560114BF2493}"
EndProject
Project("{2150E333-8FDC-42A3-9474-1A3956D46DE8}") = "1 - Service", "1 - Service", "{E2DB6398-23C4-4155-8BA6-EB58546613AF}"
EndProject
Project("{2150E333-8FDC-42A3-9474-1A3956D46DE8}") = "2 - Aplication", "2 - Aplication", "{019EA6E3-93F7-4263-9355-A6A4F242A2D2}"
EndProject
Project("{2150E333-8FDC-42A3-9474-1A3956D46DE8}") = "3 - Domain", "3 - Domain", "{FA87A6DC-B91C-4092-8248-5636B4209502}"
EndProject
Project("{2150E333-8FDC-42A3-9474-1A3956D46DE8}") = "4 - Infra", "4 - Infra", "{5575FE8A-7C10-4E2F-A736-7BF757503058}"
EndProject
Project("{9A19103F-16F7-4668-BE54-9A1E7A4F7556}") = "GestaoProdutos.Application", "GestaoProdutos.Aplication\GestaoProdutos.Application.csproj", "{4F5728AB-814A-468F-97B8-CB5CD6A6C9EC}"
EndProject
Project("{9A19103F-16F7-4668-BE54-9A1E7A4F7556}") = "GestaoProdutos.Infra.IOC", "GestaoProdutos.Infra.IOC\GestaoProdutos.Infra.IOC.csproj", "{1F0F8E29-BC31-444B-BA9B-FB52EA734CF4}"
EndProject
Project("{9A19103F-16F7-4668-BE54-9A1E7A4F7556}") = "GestaProdutos.Domain", "GestaProdutos.Domain\GestaProdutos.Domain.csproj", "{147B9187-A773-43BE-83FA-DF021EDDF21D}"
EndProject
Project("{9A19103F-16F7-4668-BE54-9A1E7A4F7556}") = "GestaoProduto.Infra.Data", "GestaoProduto.Infra.Data\GestaoProduto.Infra.Data.csproj", "{1771F0D0-5161-4B00-AF88-B7892FA957A2}"
EndProject
Global
	GlobalSection(SolutionConfigurationPlatforms) = preSolution
		Debug|Any CPU = Debug|Any CPU
		Release|Any CPU = Release|Any CPU
	EndGlobalSection
	GlobalSection(ProjectConfigurationPlatforms) = postSolution
		{AA3AC967-2E01-48FC-8874-68A6B5F96F20}.Debug|Any CPU.ActiveCfg = Debug|Any CPU
		{AA3AC967-2E01-48FC-8874-68A6B5F96F20}.Debug|Any CPU.Build.0 = Debug|Any CPU
		{AA3AC967-2E01-48FC-8874-68A6B5F96F20}.Release|Any CPU.ActiveCfg = Release|Any CPU
		{AA3AC967-2E01-48FC-8874-68A6B5F96F20}.Release|Any CPU.Build.0 = Release|Any CPU
		{4F5728AB-814A-468F-97B8-CB5CD6A6C9EC}.Debug|Any CPU.ActiveCfg = Debug|Any CPU
		{4F5728AB-814A-468F-97B8-CB5CD6A6C9EC}.Debug|Any CPU.Build.0 = Debug|Any CPU
		{4F5728AB-814A-468F-97B8-CB5CD6A6C9EC}.Release|Any CPU.ActiveCfg = Release|Any CPU
		{4F5728AB-814A-468F-97B8-CB5CD6A6C9EC}.Release|Any CPU.Build.0 = Release|Any CPU
		{1F0F8E29-BC31-444B-BA9B-FB52EA734CF4}.Debug|Any CPU.ActiveCfg = Debug|Any CPU
		{1F0F8E29-BC31-444B-BA9B-FB52EA734CF4}.Debug|Any CPU.Build.0 = Debug|Any CPU
		{1F0F8E29-BC31-444B-BA9B-FB52EA734CF4}.Release|Any CPU.ActiveCfg = Release|Any CPU
		{1F0F8E29-BC31-444B-BA9B-FB52EA734CF4}.Release|Any CPU.Build.0 = Release|Any CPU
		{147B9187-A773-43BE-83FA-DF021EDDF21D}.Debug|Any CPU.ActiveCfg = Debug|Any CPU
		{147B9187-A773-43BE-83FA-DF021EDDF21D}.Debug|Any CPU.Build.0 = Debug|Any CPU
		{147B9187-A773-43BE-83FA-DF021EDDF21D}.Release|Any CPU.ActiveCfg = Release|Any CPU
		{147B9187-A773-43BE-83FA-DF021EDDF21D}.Release|Any CPU.Build.0 = Release|Any CPU
		{1771F0D0-5161-4B00-AF88-B7892FA957A2}.Debug|Any CPU.ActiveCfg = Debug|Any CPU
		{1771F0D0-5161-4B00-AF88-B7892FA957A2}.Debug|Any CPU.Build.0 = Debug|Any CPU
		{1771F0D0-5161-4B00-AF88-B7892FA957A2}.Release|Any CPU.ActiveCfg = Release|Any CPU
		{1771F0D0-5161-4B00-AF88-B7892FA957A2}.Release|Any CPU.Build.0 = Release|Any CPU
	EndGlobalSection
	GlobalSection(SolutionProperties) = preSolution
		HideSolutionNode = FALSE
	EndGlobalSection
	GlobalSection(NestedProjects) = preSolution
		{AA3AC967-2E01-48FC-8874-68A6B5F96F20} = {E2DB6398-23C4-4155-8BA6-EB58546613AF}
		{4F5728AB-814A-468F-97B8-CB5CD6A6C9EC} = {019EA6E3-93F7-4263-9355-A6A4F242A2D2}
		{1F0F8E29-BC31-444B-BA9B-FB52EA734CF4} = {5575FE8A-7C10-4E2F-A736-7BF757503058}
		{147B9187-A773-43BE-83FA-DF021EDDF21D} = {FA87A6DC-B91C-4092-8248-5636B4209502}
		{1771F0D0-5161-4B00-AF88-B7892FA957A2} = {5575FE8A-7C10-4E2F-A736-7BF757503058}
	EndGlobalSection
	GlobalSection(ExtensibilityGlobals) = postSolution
		SolutionGuid = {3928350E-CFC3-43B7-AB92-DA20D8524041}
	EndGlobalSection
EndGlobal
